
Microsoft Visual Studio Solution File, Format Version 12.00
# Visual Studio Version 18
VisualStudioVersion = 18.8.11904.113
MinimumVisualStudioVersion = 10.0.40219.1
Project("{9A19103F-16F7-4668-BE54-9A1E7A4F7556}") = "_build", "..\build\_build.csproj", "{AC3A2AEC-4069-481A-92DF-7CD2BAF98C15}"
EndProject
Project("{9A19103F-16F7-4668-BE54-9A1E7A4F7556}") = "CP.AspNetCore.SignalR.Client.Rx", "CP.AspNetCore.SignalR.Client.Rx\CP.AspNetCore.SignalR.Client.Rx.csproj", "{58E68DB2-0B49-4E6B-BBEE-066F0CBD4BDE}"
EndProject
Project("{9A19103F-16F7-4668-BE54-9A1E7A4F7556}") = "SignalRChat", "SampleWeb\SignalRChat.csproj", "{8BACD9DC-36C3-4C41-8AE8-1AFB42331096}"
EndProject
Project("{9A19103F-16F7-4668-BE54-9A1E7A4F7556}") = "SignalRChatClient", "WpfClient\SignalRChatClient.csproj", "{A92FA6F9-356B-42CD-BB90-2CA02DF323B7}"
EndProject
Project("{2150E333-8FDC-42A3-9474-1A3956D46DE8}") = "Config", "Config", "{976AC987-3370-4AEB-BD51-8230912B3052}"
	ProjectSection(SolutionItems) = preProject
		..\.editorconfig = ..\.editorconfig
		..\Directory.Build.props = ..\Directory.Build.props
		..\global.json = ..\global.json
		..\LICENSE = ..\LICENSE
		..\README.md = ..\README.md
		..\stylecop.json = ..\stylecop.json
		..\testconfig.json = ..\testconfig.json
		..\version.json = ..\version.json
	EndProjectSection
EndProject
Project("{9A19103F-16F7-4668-BE54-9A1E7A4F7556}") = "CP.AspNetCore.SignalR.Client.Rx.Tests", "CP.AspNetCore.SignalR.Client.Rx.Tests\CP.AspNetCore.SignalR.Client.Rx.Tests.csproj", "{0B9D781F-8C66-4EFD-94A1-EA48A73F7823}"
EndProject
Global
	GlobalSection(SolutionConfigurationPlatforms) = preSolution
		Debug|Any CPU = Debug|Any CPU
		Release|Any CPU = Release|Any CPU
	EndGlobalSection
	GlobalSection(ProjectConfigurationPlatforms) = postSolution
		{AC3A2AEC-4069-481A-92DF-7CD2BAF98C15}.Debug|Any CPU.ActiveCfg = Debug|Any CPU
		{AC3A2AEC-4069-481A-92DF-7CD2BAF98C15}.Release|Any CPU.ActiveCfg = Release|Any CPU
		{58E68DB2-0B49-4E6B-BBEE-066F0CBD4BDE}.Debug|Any CPU.ActiveCfg = Debug|Any CPU
		{58E68DB2-0B49-4E6B-BBEE-066F0CBD4BDE}.Debug|Any CPU.Build.0 = Debug|Any CPU
		{58E68DB2-0B49-4E6B-BBEE-066F0CBD4BDE}.Release|Any CPU.ActiveCfg = Release|Any CPU
		{58E68DB2-0B49-4E6B-BBEE-066F0CBD4BDE}.Release|Any CPU.Build.0 = Release|Any CPU
		{8BACD9DC-36C3-4C41-8AE8-1AFB42331096}.Debug|Any CPU.ActiveCfg = Debug|Any CPU
		{8BACD9DC-36C3-4C41-8AE8-1AFB42331096}.Debug|Any CPU.Build.0 = Debug|Any CPU
		{8BACD9DC-36C3-4C41-8AE8-1AFB42331096}.Release|Any CPU.ActiveCfg = Release|Any CPU
		{8BACD9DC-36C3-4C41-8AE8-1AFB42331096}.Release|Any CPU.Build.0 = Release|Any CPU
		{A92FA6F9-356B-42CD-BB90-2CA02DF323B7}.Debug|Any CPU.ActiveCfg = Debug|Any CPU
		{A92FA6F9-356B-42CD-BB90-2CA02DF323B7}.Debug|Any CPU.Build.0 = Debug|Any CPU
		{A92FA6F9-356B-42CD-BB90-2CA02DF323B7}.Release|Any CPU.ActiveCfg = Release|Any CPU
		{A92FA6F9-356B-42CD-BB90-2CA02DF323B7}.Release|Any CPU.Build.0 = Release|Any CPU
		{0B9D781F-8C66-4EFD-94A1-EA48A73F7823}.Debug|Any CPU.ActiveCfg = Debug|Any CPU
		{0B9D781F-8C66-4EFD-94A1-EA48A73F7823}.Debug|Any CPU.Build.0 = Debug|Any CPU
		{0B9D781F-8C66-4EFD-94A1-EA48A73F7823}.Release|Any CPU.ActiveCfg = Release|Any CPU
		{0B9D781F-8C66-4EFD-94A1-EA48A73F7823}.Release|Any CPU.Build.0 = Release|Any CPU
	EndGlobalSection
	GlobalSection(SolutionProperties) = preSolution
		HideSolutionNode = FALSE
	EndGlobalSection
	GlobalSection(ExtensibilityGlobals) = postSolution
		SolutionGuid = {68A5C72E-E57E-4D44-8241-9CE05D30A604}
	EndGlobalSection
EndGlobal
